// !$*UTF8*$!
{
	archiveVersion = 1;
	classes = {
	};
	objectVersion = 55;
	objects = {

/* Begin PBXBuildFile section */
		805A205A2BDD58C800C84C35 /* EmojiGame.swift in Sources */ = {isa = PBXBuildFile; fileRef = 805A20592BDD58C800C84C35 /* EmojiGame.swift */; };
		805A205D2BDD598300C84C35 /* EmojiGameHandler.swift in Sources */ = {isa = PBXBuildFile; fileRef = 805A205C2BDD598300C84C35 /* EmojiGameHandler.swift */; };
		807D7BA82BD7A4C2002BB32E /* MemorizeApp.swift in Sources */ = {isa = PBXBuildFile; fileRef = 807D7BA72BD7A4C2002BB32E /* MemorizeApp.swift */; };
		807D7BAA2BD7A4C2002BB32E /* ContentView.swift in Sources */ = {isa = PBXBuildFile; fileRef = 807D7BA92BD7A4C2002BB32E /* ContentView.swift */; };
		807D7BAC2BD7A4C7002BB32E /* Assets.xcassets in Resources */ = {isa = PBXBuildFile; fileRef = 807D7BAB2BD7A4C7002BB32E /* Assets.xcassets */; };
		807D7BAF2BD7A4C7002BB32E /* Preview Assets.xcassets in Resources */ = {isa = PBXBuildFile; fileRef = 807D7BAE2BD7A4C7002BB32E /* Preview Assets.xcassets */; };
		807D7BB92BD7A4C8002BB32E /* MemorizeTests.swift in Sources */ = {isa = PBXBuildFile; fileRef = 807D7BB82BD7A4C8002BB32E /* MemorizeTests.swift */; };
		807D7BC32BD7A4C8002BB32E /* MemorizeUITests.swift in Sources */ = {isa = PBXBuildFile; fileRef = 807D7BC22BD7A4C8002BB32E /* MemorizeUITests.swift */; };
		807D7BC52BD7A4C8002BB32E /* MemorizeUITestsLaunchTests.swift in Sources */ = {isa = PBXBuildFile; fileRef = 807D7BC42BD7A4C8002BB32E /* MemorizeUITestsLaunchTests.swift */; };
		807D7BD22BD7A4F4002BB32E /* Theme.swift in Sources */ = {isa = PBXBuildFile; fileRef = 807D7BD12BD7A4F4002BB32E /* Theme.swift */; };
		807D7BD42BD7A525002BB32E /* CardView.swift in Sources */ = {isa = PBXBuildFile; fileRef = 807D7BD32BD7A525002BB32E /* CardView.swift */; };
/* End PBXBuildFile section */

/* Begin PBXContainerItemProxy section */
		807D7BB52BD7A4C8002BB32E /* PBXContainerItemProxy */ = {
			isa = PBXContainerItemProxy;
			containerPortal = 807D7B9C2BD7A4C2002BB32E /* Project object */;
			proxyType = 1;
			remoteGlobalIDString = 807D7BA32BD7A4C2002BB32E;
			remoteInfo = Memorize;
		};
		807D7BBF2BD7A4C8002BB32E /* PBXContainerItemProxy */ = {
			isa = PBXContainerItemProxy;
			containerPortal = 807D7B9C2BD7A4C2002BB32E /* Project object */;
			proxyType = 1;
			remoteGlobalIDString = 807D7BA32BD7A4C2002BB32E;
			remoteInfo = Memorize;
		};
/* End PBXContainerItemProxy section */

/* Begin PBXFileReference section */
		805A20592BDD58C800C84C35 /* EmojiGame.swift */ = {isa = PBXFileReference; lastKnownFileType = sourcecode.swift; path = EmojiGame.swift; sourceTree = "<group>"; };
		805A205C2BDD598300C84C35 /* EmojiGameHandler.swift */ = {isa = PBXFileReference; lastKnownFileType = sourcecode.swift; path = EmojiGameHandler.swift; sourceTree = "<group>"; };
		807D7BA42BD7A4C2002BB32E /* Memorize.app */ = {isa = PBXFileReference; explicitFileType = wrapper.application; includeInIndex = 0; path = Memorize.app; sourceTree = BUILT_PRODUCTS_DIR; };
		807D7BA72BD7A4C2002BB32E /* MemorizeApp.swift */ = {isa = PBXFileReference; lastKnownFileType = sourcecode.swift; path = MemorizeApp.swift; sourceTree = "<group>"; };
		807D7BA92BD7A4C2002BB32E /* ContentView.swift */ = {isa = PBXFileReference; lastKnownFileType = sourcecode.swift; path = ContentView.swift; sourceTree = "<group>"; };
		807D7BAB2BD7A4C7002BB32E /* Assets.xcassets */ = {isa = PBXFileReference; lastKnownFileType = folder.assetcatalog; path = Assets.xcassets; sourceTree = "<group>"; };
		807D7BAE2BD7A4C7002BB32E /* Preview Assets.xcassets */ = {isa = PBXFileReference; lastKnownFileType = folder.assetcatalog; path = "Preview Assets.xcassets"; sourceTree = "<group>"; };
		807D7BB42BD7A4C8002BB32E /* MemorizeTests.xctest */ = {isa = PBXFileReference; explicitFileType = wrapper.cfbundle; includeInIndex = 0; path = MemorizeTests.xctest; sourceTree = BUILT_PRODUCTS_DIR; };
		807D7BB82BD7A4C8002BB32E /* MemorizeTests.swift */ = {isa = PBXFileReference; lastKnownFileType = sourcecode.swift; path = MemorizeTests.swift; sourceTree = "<group>"; };
		807D7BBE2BD7A4C8002BB32E /* MemorizeUITests.xctest */ = {isa = PBXFileReference; explicitFileType = wrapper.cfbundle; includeInIndex = 0; path = MemorizeUITests.xctest; sourceTree = BUILT_PRODUCTS_DIR; };
		807D7BC22BD7A4C8002BB32E /* MemorizeUITests.swift */ = {isa = PBXFileReference; lastKnownFileType = sourcecode.swift; path = MemorizeUITests.swift; sourceTree = "<group>"; };
		807D7BC42BD7A4C8002BB32E /* MemorizeUITestsLaunchTests.swift */ = {isa = PBXFileReference; lastKnownFileType = sourcecode.swift; path = MemorizeUITestsLaunchTests.swift; sourceTree = "<group>"; };
		807D7BD12BD7A4F4002BB32E /* Theme.swift */ = {isa = PBXFileReference; lastKnownFileType = sourcecode.swift; path = Theme.swift; sourceTree = "<group>"; };
		807D7BD32BD7A525002BB32E /* CardView.swift */ = {isa = PBXFileReference; lastKnownFileType = sourcecode.swift; path = CardView.swift; sourceTree = "<group>"; };
/* End PBXFileReference section */

/* Begin PBXFrameworksBuildPhase section */
		807D7BA12BD7A4C2002BB32E /* Frameworks */ = {
			isa = PBXFrameworksBuildPhase;
			buildActionMask = 2147483647;
			files = (
			);
			runOnlyForDeploymentPostprocessing = 0;
		};
		807D7BB12BD7A4C8002BB32E /* Frameworks */ = {
			isa = PBXFrameworksBuildPhase;
			buildActionMask = 2147483647;
			files = (
			);
			runOnlyForDeploymentPostprocessing = 0;
		};
		807D7BBB2BD7A4C8002BB32E /* Frameworks */ = {
			isa = PBXFrameworksBuildPhase;
			buildActionMask = 2147483647;
			files = (
			);
			runOnlyForDeploymentPostprocessing = 0;
		};
/* End PBXFrameworksBuildPhase section */

/* Begin PBXGroup section */
		805A20582BDD58B300C84C35 /* Model */ = {
			isa = PBXGroup;
			children = (
				805A20592BDD58C800C84C35 /* EmojiGame.swift */,
			);
			path = Model;
			sourceTree = "<group>";
		};
		805A205B2BDD596A00C84C35 /* View Model */ = {
			isa = PBXGroup;
			children = (
				805A205C2BDD598300C84C35 /* EmojiGameHandler.swift */,
			);
			path = "View Model";
			sourceTree = "<group>";
		};
		807D7B9B2BD7A4C2002BB32E = {
			isa = PBXGroup;
			children = (
				807D7BA62BD7A4C2002BB32E /* Memorize */,
				807D7BB72BD7A4C8002BB32E /* MemorizeTests */,
				807D7BC12BD7A4C8002BB32E /* MemorizeUITests */,
				807D7BA52BD7A4C2002BB32E /* Products */,
			);
			sourceTree = "<group>";
		};
		807D7BA52BD7A4C2002BB32E /* Products */ = {
			isa = PBXGroup;
			children = (
				807D7BA42BD7A4C2002BB32E /* Memorize.app */,
				807D7BB42BD7A4C8002BB32E /* MemorizeTests.xctest */,
				807D7BBE2BD7A4C8002BB32E /* MemorizeUITests.xctest */,
			);
			name = Products;
			sourceTree = "<group>";
		};
		807D7BA62BD7A4C2002BB32E /* Memorize */ = {
			isa = PBXGroup;
			children = (
				805A205B2BDD596A00C84C35 /* View Model */,
				805A20582BDD58B300C84C35 /* Model */,
				807D7BA72BD7A4C2002BB32E /* MemorizeApp.swift */,
				807D7BD52BD7A55B002BB32E /* Views */,
				807D7BAB2BD7A4C7002BB32E /* Assets.xcassets */,
				807D7BAD2BD7A4C7002BB32E /* Preview Content */,
			);
			path = Memorize;
			sourceTree = "<group>";
		};
		807D7BAD2BD7A4C7002BB32E /* Preview Content */ = {
			isa = PBXGroup;
			children = (
				807D7BAE2BD7A4C7002BB32E /* Preview Assets.xcassets */,
			);
			path = "Preview Content";
			sourceTree = "<group>";
		};
		807D7BB72BD7A4C8002BB32E /* MemorizeTests */ = {
			isa = PBXGroup;
			children = (
				807D7BB82BD7A4C8002BB32E /* MemorizeTests.swift */,
			);
			path = MemorizeTests;
			sourceTree = "<group>";
		};
		807D7BC12BD7A4C8002BB32E /* MemorizeUITests */ = {
			isa = PBXGroup;
			children = (
				807D7BC22BD7A4C8002BB32E /* MemorizeUITests.swift */,
				807D7BC42BD7A4C8002BB32E /* MemorizeUITestsLaunchTests.swift */,
			);
			path = MemorizeUITests;
			sourceTree = "<group>";
		};
		807D7BD52BD7A55B002BB32E /* Views */ = {
			isa = PBXGroup;
			children = (
				807D7BA92BD7A4C2002BB32E /* ContentView.swift */,
				807D7BD12BD7A4F4002BB32E /* Theme.swift */,
				807D7BD32BD7A525002BB32E /* CardView.swift */,
			);
			path = Views;
			sourceTree = "<group>";
		};
/* End PBXGroup section */

/* Begin PBXNativeTarget section */
		807D7BA32BD7A4C2002BB32E /* Memorize */ = {
			isa = PBXNativeTarget;
			buildConfigurationList = 807D7BC82BD7A4C8002BB32E /* Build configuration list for PBXNativeTarget "Memorize" */;
			buildPhases = (
				807D7BA02BD7A4C2002BB32E /* Sources */,
				807D7BA12BD7A4C2002BB32E /* Frameworks */,
				807D7BA22BD7A4C2002BB32E /* Resources */,
			);
			buildRules = (
			);
			dependencies = (
			);
			name = Memorize;
			productName = Memorize;
			productReference = 807D7BA42BD7A4C2002BB32E /* Memorize.app */;
			productType = "com.apple.product-type.application";
		};
		807D7BB32BD7A4C8002BB32E /* MemorizeTests */ = {
			isa = PBXNativeTarget;
			buildConfigurationList = 807D7BCB2BD7A4C8002BB32E /* Build configuration list for PBXNativeTarget "MemorizeTests" */;
			buildPhases = (
				807D7BB02BD7A4C8002BB32E /* Sources */,
				807D7BB12BD7A4C8002BB32E /* Frameworks */,
				807D7BB22BD7A4C8002BB32E /* Resources */,
			);
			buildRules = (
			);
			dependencies = (
				807D7BB62BD7A4C8002BB32E /* PBXTargetDependency */,
			);
			name = MemorizeTests;
			productName = MemorizeTests;
			productReference = 807D7BB42BD7A4C8002BB32E /* MemorizeTests.xctest */;
			productType = "com.apple.product-type.bundle.unit-test";
		};
		807D7BBD2BD7A4C8002BB32E /* MemorizeUITests */ = {
			isa = PBXNativeTarget;
			buildConfigurationList = 807D7BCE2BD7A4C8002BB32E /* Build configuration list for PBXNativeTarget "MemorizeUITests" */;
			buildPhases = (
				807D7BBA2BD7A4C8002BB32E /* Sources */,
				807D7BBB2BD7A4C8002BB32E /* Frameworks */,
				807D7BBC2BD7A4C8002BB32E /* Resources */,
			);
			buildRules = (
			);
			dependencies = (
				807D7BC02BD7A4C8002BB32E /* PBXTargetDependency */,
			);
			name = MemorizeUITests;
			productName = MemorizeUITests;
			productReference = 807D7BBE2BD7A4C8002BB32E /* MemorizeUITests.xctest */;
			productType = "com.apple.product-type.bundle.ui-testing";
		};
/* End PBXNativeTarget section */

/* Begin PBXProject section */
		807D7B9C2BD7A4C2002BB32E /* Project object */ = {
			isa = PBXProject;
			attributes = {
				BuildIndependentTargetsInParallel = 1;
				LastSwiftUpdateCheck = 1310;
				LastUpgradeCheck = 1310;
				TargetAttributes = {
					807D7BA32BD7A4C2002BB32E = {
						CreatedOnToolsVersion = 13.1;
					};
					807D7BB32BD7A4C8002BB32E = {
						CreatedOnToolsVersion = 13.1;
						TestTargetID = 807D7BA32BD7A4C2002BB32E;
					};
					807D7BBD2BD7A4C8002BB32E = {
						CreatedOnToolsVersion = 13.1;
						TestTargetID = 807D7BA32BD7A4C2002BB32E;
					};
				};
			};
			buildConfigurationList = 807D7B9F2BD7A4C2002BB32E /* Build configuration list for PBXProject "Memorize" */;
			compatibilityVersion = "Xcode 13.0";
			developmentRegion = en;
			hasScannedForEncodings = 0;
			knownRegions = (
				en,
				Base,
			);
			mainGroup = 807D7B9B2BD7A4C2002BB32E;
			productRefGroup = 807D7BA52BD7A4C2002BB32E /* Products */;
			projectDirPath = "";
			projectRoot = "";
			targets = (
				807D7BA32BD7A4C2002BB32E /* Memorize */,
				807D7BB32BD7A4C8002BB32E /* MemorizeTests */,
				807D7BBD2BD7A4C8002BB32E /* MemorizeUITests */,
			);
		};
/* End PBXProject section */

/* Begin PBXResourcesBuildPhase section */
		807D7BA22BD7A4C2002BB32E /* Resources */ = {
			isa = PBXResourcesBuildPhase;
			buildActionMask = 2147483647;
			files = (
				807D7BAF2BD7A4C7002BB32E /* Preview Assets.xcassets in Resources */,
				807D7BAC2BD7A4C7002BB32E /* Assets.xcassets in Resources */,
			);
			runOnlyForDeploymentPostprocessing = 0;
		};
		807D7BB22BD7A4C8002BB32E /* Resources */ = {
			isa = PBXResourcesBuildPhase;
			buildActionMask = 2147483647;
			files = (
			);
			runOnlyForDeploymentPostprocessing = 0;
		};
		807D7BBC2BD7A4C8002BB32E /* Resources */ = {
			isa = PBXResourcesBuildPhase;
			buildActionMask = 2147483647;
			files = (
			);
			runOnlyForDeploymentPostprocessing = 0;
		};
/* End PBXResourcesBuildPhase section */

/* Begin PBXSourcesBuildPhase section */
		807D7BA02BD7A4C2002BB32E /* Sources */ = {
			isa = PBXSourcesBuildPhase;
			buildActionMask = 2147483647;
			files = (
				807D7BD22BD7A4F4002BB32E /* Theme.swift in Sources */,
				807D7BAA2BD7A4C2002BB32E /* ContentView.swift in Sources */,
				807D7BD42BD7A525002BB32E /* CardView.swift in Sources */,
				805A205D2BDD598300C84C35 /* EmojiGameHandler.swift in Sources */,
				807D7BA82BD7A4C2002BB32E /* MemorizeApp.swift in Sources */,
				805A205A2BDD58C800C84C35 /* EmojiGame.swift in Sources */,
			);
			runOnlyForDeploymentPostprocessing = 0;
		};
		807D7BB02BD7A4C8002BB32E /* Sources */ = {
			isa = PBXSourcesBuildPhase;
			buildActionMask = 2147483647;
			files = (
				807D7BB92BD7A4C8002BB32E /* MemorizeTests.swift in Sources */,
			);
			runOnlyForDeploymentPostprocessing = 0;
		};
		807D7BBA2BD7A4C8002BB32E /* Sources */ = {
			isa = PBXSourcesBuildPhase;
			buildActionMask = 2147483647;
			files = (
				807D7BC52BD7A4C8002BB32E /* MemorizeUITestsLaunchTests.swift in Sources */,
				807D7BC32BD7A4C8002BB32E /* MemorizeUITests.swift in Sources */,
			);
			runOnlyForDeploymentPostprocessing = 0;
		};
/* End PBXSourcesBuildPhase section */

/* Begin PBXTargetDependency section */
		807D7BB62BD7A4C8002BB32E /* PBXTargetDependency */ = {
			isa = PBXTargetDependency;
			target = 807D7BA32BD7A4C2002BB32E /* Memorize */;
			targetProxy = 807D7BB52BD7A4C8002BB32E /* PBXContainerItemProxy */;
		};
		807D7BC02BD7A4C8002BB32E /* PBXTargetDependency */ = {
			isa = PBXTargetDependency;
			target = 807D7BA32BD7A4C2002BB32E /* Memorize */;
			targetProxy = 807D7BBF2BD7A4C8002BB32E /* PBXContainerItemProxy */;
		};
/* End PBXTargetDependency section */

/* Begin XCBuildConfiguration section */
		807D7BC62BD7A4C8002BB32E /* Debug */ = {
			isa = XCBuildConfiguration;
			buildSettings = {
				ALWAYS_SEARCH_USER_PATHS = NO;
				CLANG_ANALYZER_NONNULL = YES;
				CLANG_ANALYZER_NUMBER_OBJECT_CONVERSION = YES_AGGRESSIVE;
				CLANG_CXX_LANGUAGE_STANDARD = "gnu++17";
				CLANG_CXX_LIBRARY = "libc++";
				CLANG_ENABLE_MODULES = YES;
				CLANG_ENABLE_OBJC_ARC = YES;
				CLANG_ENABLE_OBJC_WEAK = YES;
				CLANG_WARN_BLOCK_CAPTURE_AUTORELEASING = YES;
				CLANG_WARN_BOOL_CONVERSION = YES;
				CLANG_WARN_COMMA = YES;
				CLANG_WARN_CONSTANT_CONVERSION = YES;
				CLANG_WARN_DEPRECATED_OBJC_IMPLEMENTATIONS = YES;
				CLANG_WARN_DIRECT_OBJC_ISA_USAGE = YES_ERROR;
				CLANG_WARN_DOCUMENTATION_COMMENTS = YES;
				CLANG_WARN_EMPTY_BODY = YES;
				CLANG_WARN_ENUM_CONVERSION = YES;
				CLANG_WARN_INFINITE_RECURSION = YES;
				CLANG_WARN_INT_CONVERSION = YES;
				CLANG_WARN_NON_LITERAL_NULL_CONVERSION = YES;
				CLANG_WARN_OBJC_IMPLICIT_RETAIN_SELF = YES;
				CLANG_WARN_OBJC_LITERAL_CONVERSION = YES;
				CLANG_WARN_OBJC_ROOT_CLASS = YES_ERROR;
				CLANG_WARN_QUOTED_INCLUDE_IN_FRAMEWORK_HEADER = YES;
				CLANG_WARN_RANGE_LOOP_ANALYSIS = YES;
				CLANG_WARN_STRICT_PROTOTYPES = YES;
				CLANG_WARN_SUSPICIOUS_MOVE = YES;
				CLANG_WARN_UNGUARDED_AVAILABILITY = YES_AGGRESSIVE;
				CLANG_WARN_UNREACHABLE_CODE = YES;
				CLANG_WARN__DUPLICATE_METHOD_MATCH = YES;
				COPY_PHASE_STRIP = NO;
				DEBUG_INFORMATION_FORMAT = dwarf;
				ENABLE_STRICT_OBJC_MSGSEND = YES;
				ENABLE_TESTABILITY = YES;
				GCC_C_LANGUAGE_STANDARD = gnu11;
				GCC_DYNAMIC_NO_PIC = NO;
				GCC_NO_COMMON_BLOCKS = YES;
				GCC_OPTIMIZATION_LEVEL = 0;
				GCC_PREPROCESSOR_DEFINITIONS = (
					"DEBUG=1",
					"$(inherited)",
				);
				GCC_WARN_64_TO_32_BIT_CONVERSION = YES;
				GCC_WARN_ABOUT_RETURN_TYPE = YES_ERROR;
				GCC_WARN_UNDECLARED_SELECTOR = YES;
				GCC_WARN_UNINITIALIZED_AUTOS = YES_AGGRESSIVE;
				GCC_WARN_UNUSED_FUNCTION = YES;
				GCC_WARN_UNUSED_VARIABLE = YES;
				IPHONEOS_DEPLOYMENT_TARGET = 15.0;
				MTL_ENABLE_DEBUG_INFO = INCLUDE_SOURCE;
				MTL_FAST_MATH = YES;
				ONLY_ACTIVE_ARCH = YES;
				SDKROOT = iphoneos;
				SWIFT_ACTIVE_COMPILATION_CONDITIONS = DEBUG;
				SWIFT_OPTIMIZATION_LEVEL = "-Onone";
			};
			name = Debug;
		};
		807D7BC72BD7A4C8002BB32E /* Release */ = {
			isa = XCBuildConfiguration;
			buildSettings = {
				ALWAYS_SEARCH_USER_PATHS = NO;
				CLANG_ANALYZER_NONNULL = YES;
				CLANG_ANALYZER_NUMBER_OBJECT_CONVERSION = YES_AGGRESSIVE;
				CLANG_CXX_LANGUAGE_STANDARD = "gnu++17";
				CLANG_CXX_LIBRARY = "libc++";
				CLANG_ENABLE_MODULES = YES;
				CLANG_ENABLE_OBJC_ARC = YES;
				CLANG_ENABLE_OBJC_WEAK = YES;
				CLANG_WARN_BLOCK_CAPTURE_AUTORELEASING = YES;
				CLANG_WARN_BOOL_CONVERSION = YES;
				CLANG_WARN_COMMA = YES;
				CLANG_WARN_CONSTANT_CONVERSION = YES;
				CLANG_WARN_DEPRECATED_OBJC_IMPLEMENTATIONS = YES;
				CLANG_WARN_DIRECT_OBJC_ISA_USAGE = YES_ERROR;
				CLANG_WARN_DOCUMENTATION_COMMENTS = YES;
				CLANG_WARN_EMPTY_BODY = YES;
				CLANG_WARN_ENUM_CONVERSION = YES;
				CLANG_WARN_INFINITE_RECURSION = YES;
				CLANG_WARN_INT_CONVERSION = YES;
				CLANG_WARN_NON_LITERAL_NULL_CONVERSION = YES;
				CLANG_WARN_OBJC_IMPLICIT_RETAIN_SELF = YES;
				CLANG_WARN_OBJC_LITERAL_CONVERSION = YES;
				CLANG_WARN_OBJC_ROOT_CLASS = YES_ERROR;
				CLANG_WARN_QUOTED_INCLUDE_IN_FRAMEWORK_HEADER = YES;
				CLANG_WARN_RANGE_LOOP_ANALYSIS = YES;
				CLANG_WARN_STRICT_PROTOTYPES = YES;
				CLANG_WARN_SUSPICIOUS_MOVE = YES;
				CLANG_WARN_UNGUARDED_AVAILABILITY = YES_AGGRESSIVE;
				CLANG_WARN_UNREACHABLE_CODE = YES;
				CLANG_WARN__DUPLICATE_METHOD_MATCH = YES;
				COPY_PHASE_STRIP = NO;
				DEBUG_INFORMATION_FORMAT = "dwarf-with-dsym";
				ENABLE_NS_ASSERTIONS = NO;
				ENABLE_STRICT_OBJC_MSGSEND = YES;
				GCC_C_LANGUAGE_STANDARD = gnu11;
				GCC_NO_COMMON_BLOCKS = YES;
				GCC_WARN_64_TO_32_BIT_CONVERSION = YES;
				GCC_WARN_ABOUT_RETURN_TYPE = YES_ERROR;
				GCC_WARN_UNDECLARED_SELECTOR = YES;
				GCC_WARN_UNINITIALIZED_AUTOS = YES_AGGRESSIVE;
				GCC_WARN_UNUSED_FUNCTION = YES;
				GCC_WARN_UNUSED_VARIABLE = YES;
				IPHONEOS_DEPLOYMENT_TARGET = 15.0;
				MTL_ENABLE_DEBUG_INFO = NO;
				MTL_FAST_MATH = YES;
				SDKROOT = iphoneos;
				SWIFT_COMPILATION_MODE = wholemodule;
				SWIFT_OPTIMIZATION_LEVEL = "-O";
				VALIDATE_PRODUCT = YES;
			};
			name = Release;
		};
		807D7BC92BD7A4C8002BB32E /* Debug */ = {
			isa = XCBuildConfiguration;
			buildSettings = {
				ASSETCATALOG_COMPILER_APPICON_NAME = AppIcon;
				ASSETCATALOG_COMPILER_GLOBAL_ACCENT_COLOR_NAME = AccentColor;
				CODE_SIGN_STYLE = Automatic;
				CURRENT_PROJECT_VERSION = 1;
				DEVELOPMENT_ASSET_PATHS = "\"Memorize/Preview Content\"";
				DEVELOPMENT_TEAM = 9DVN4VV6K8;
				ENABLE_PREVIEWS = YES;
				GENERATE_INFOPLIST_FILE = YES;
				INFOPLIST_KEY_UIApplicationSceneManifest_Generation = YES;
				INFOPLIST_KEY_UIApplicationSupportsIndirectInputEvents = YES;
				INFOPLIST_KEY_UILaunchScreen_Generation = YES;
				INFOPLIST_KEY_UISupportedInterfaceOrientations_iPad = "UIInterfaceOrientationPortrait UIInterfaceOrientationPortraitUpsideDown UIInterfaceOrientationLandscapeLeft UIInterfaceOrientationLandscapeRight";
				INFOPLIST_KEY_UISupportedInterfaceOrientations_iPhone = "UIInterfaceOrientationPortrait UIInterfaceOrientationLandscapeLeft UIInterfaceOrientationLandscapeRight";
				LD_RUNPATH_SEARCH_PATHS = (
					"$(inherited)",
					"@executable_path/Frameworks",
				);
				MARKETING_VERSION = 1.0;
				PRODUCT_BUNDLE_IDENTIFIER = com.neelima.Memorize;
				PRODUCT_NAME = "$(TARGET_NAME)";
				SWIFT_EMIT_LOC_STRINGS = YES;
				SWIFT_VERSION = 5.0;
				TARGETED_DEVICE_FAMILY = "1,2";
			};
			name = Debug;
		};
		807D7BCA2BD7A4C8002BB32E /* Release */ = {
			isa = XCBuildConfiguration;
			buildSettings = {
				ASSETCATALOG_COMPILER_APPICON_NAME = AppIcon;
				ASSETCATALOG_COMPILER_GLOBAL_ACCENT_COLOR_NAME = AccentColor;
				CODE_SIGN_STYLE = Automatic;
				CURRENT_PROJECT_VERSION = 1;
				DEVELOPMENT_ASSET_PATHS = "\"Memorize/Preview Content\"";
				DEVELOPMENT_TEAM = 9DVN4VV6K8;
				ENABLE_PREVIEWS = YES;
				GENERATE_INFOPLIST_FILE = YES;
				INFOPLIST_KEY_UIApplicationSceneManifest_Generation = YES;
				INFOPLIST_KEY_UIApplicationSupportsIndirectInputEvents = YES;
				INFOPLIST_KEY_UILaunchScreen_Generation = YES;
				INFOPLIST_KEY_UISupportedInterfaceOrientations_iPad = "UIInterfaceOrientationPortrait UIInterfaceOrientationPortraitUpsideDown UIInterfaceOrientationLandscapeLeft UIInterfaceOrientationLandscapeRight";
				INFOPLIST_KEY_UISupportedInterfaceOrientations_iPhone = "UIInterfaceOrientationPortrait UIInterfaceOrientationLandscapeLeft UIInterfaceOrientationLandscapeRight";
				LD_RUNPATH_SEARCH_PATHS = (
					"$(inherited)",
					"@executable_path/Frameworks",
				);
				MARKETING_VERSION = 1.0;
				PRODUCT_BUNDLE_IDENTIFIER = com.neelima.Memorize;
				PRODUCT_NAME = "$(TARGET_NAME)";
				SWIFT_EMIT_LOC_STRINGS = YES;
				SWIFT_VERSION = 5.0;
				TARGETED_DEVICE_FAMILY = "1,2";
			};
			name = Release;
		};
		807D7BCC2BD7A4C8002BB32E /* Debug */ = {
			isa = XCBuildConfiguration;
			buildSettings = {
				ALWAYS_EMBED_SWIFT_STANDARD_LIBRARIES = YES;
				BUNDLE_LOADER = "$(TEST_HOST)";
				CODE_SIGN_STYLE = Automatic;
				CURRENT_PROJECT_VERSION = 1;
				DEVELOPMENT_TEAM = 9DVN4VV6K8;
				GENERATE_INFOPLIST_FILE = YES;
				IPHONEOS_DEPLOYMENT_TARGET = 15.0;
				LD_RUNPATH_SEARCH_PATHS = (
					"$(inherited)",
					"@executable_path/Frameworks",
					"@loader_path/Frameworks",
				);
				MARKETING_VERSION = 1.0;
				PRODUCT_BUNDLE_IDENTIFIER = com.neelima.MemorizeTests;
				PRODUCT_NAME = "$(TARGET_NAME)";
				SWIFT_EMIT_LOC_STRINGS = NO;
				SWIFT_VERSION = 5.0;
				TARGETED_DEVICE_FAMILY = "1,2";
				TEST_HOST = "$(BUILT_PRODUCTS_DIR)/Memorize.app/Memorize";
			};
			name = Debug;
		};
		807D7BCD2BD7A4C8002BB32E /* Release */ = {
			isa = XCBuildConfiguration;
			buildSettings = {
				ALWAYS_EMBED_SWIFT_STANDARD_LIBRARIES = YES;
				BUNDLE_LOADER = "$(TEST_HOST)";
				CODE_SIGN_STYLE = Automatic;
				CURRENT_PROJECT_VERSION = 1;
				DEVELOPMENT_TEAM = 9DVN4VV6K8;
				GENERATE_INFOPLIST_FILE = YES;
				IPHONEOS_DEPLOYMENT_TARGET = 15.0;
				LD_RUNPATH_SEARCH_PATHS = (
					"$(inherited)",
					"@executable_path/Frameworks",
					"@loader_path/Frameworks",
				);
				MARKETING_VERSION = 1.0;
				PRODUCT_BUNDLE_IDENTIFIER = com.neelima.MemorizeTests;
				PRODUCT_NAME = "$(TARGET_NAME)";
				SWIFT_EMIT_LOC_STRINGS = NO;
				SWIFT_VERSION = 5.0;
				TARGETED_DEVICE_FAMILY = "1,2";
				TEST_HOST = "$(BUILT_PRODUCTS_DIR)/Memorize.app/Memorize";
			};
			name = Release;
		};
		807D7BCF2BD7A4C8002BB32E /* Debug */ = {
			isa = XCBuildConfiguration;
			buildSettings = {
				ALWAYS_EMBED_SWIFT_STANDARD_LIBRARIES = YES;
				CODE_SIGN_STYLE = Automatic;
				CURRENT_PROJECT_VERSION = 1;
				DEVELOPMENT_TEAM = 9DVN4VV6K8;
				GENERATE_INFOPLIST_FILE = YES;
				LD_RUNPATH_SEARCH_PATHS = (
					"$(inherited)",
					"@executable_path/Frameworks",
					"@loader_path/Frameworks",
				);
				MARKETING_VERSION = 1.0;
				PRODUCT_BUNDLE_IDENTIFIER = com.neelima.MemorizeUITests;
				PRODUCT_NAME = "$(TARGET_NAME)";
				SWIFT_EMIT_LOC_STRINGS = NO;
				SWIFT_VERSION = 5.0;
				TARGETED_DEVICE_FAMILY = "1,2";
				TEST_TARGET_NAME = Memorize;
			};
			name = Debug;
		};
		807D7BD02BD7A4C8002BB32E /* Release */ = {
			isa = XCBuildConfiguration;
			buildSettings = {
				ALWAYS_EMBED_SWIFT_STANDARD_LIBRARIES = YES;
				CODE_SIGN_STYLE = Automatic;
				CURRENT_PROJECT_VERSION = 1;
				DEVELOPMENT_TEAM = 9DVN4VV6K8;
				GENERATE_INFOPLIST_FILE = YES;
				LD_RUNPATH_SEARCH_PATHS = (
					"$(inherited)",
					"@executable_path/Frameworks",
					"@loader_path/Frameworks",
				);
				MARKETING_VERSION = 1.0;
				PRODUCT_BUNDLE_IDENTIFIER = com.neelima.MemorizeUITests;
				PRODUCT_NAME = "$(TARGET_NAME)";
				SWIFT_EMIT_LOC_STRINGS = NO;
				SWIFT_VERSION = 5.0;
				TARGETED_DEVICE_FAMILY = "1,2";
				TEST_TARGET_NAME = Memorize;
			};
			name = Release;
		};
/* End XCBuildConfiguration section */

/* Begin XCConfigurationList section */
		807D7B9F2BD7A4C2002BB32E /* Build configuration list for PBXProject "Memorize" */ = {
			isa = XCConfigurationList;
			buildConfigurations = (
				807D7BC62BD7A4C8002BB32E /* Debug */,
				807D7BC72BD7A4C8002BB32E /* Release */,
			);
			defaultConfigurationIsVisible = 0;
			defaultConfigurationName = Release;
		};
		807D7BC82BD7A4C8002BB32E /* Build configuration list for PBXNativeTarget "Memorize" */ = {
			isa = XCConfigurationList;
			buildConfigurations = (
				807D7BC92BD7A4C8002BB32E /* Debug */,
				807D7BCA2BD7A4C8002BB32E /* Release */,
			);
			defaultConfigurationIsVisible = 0;
			defaultConfigurationName = Release;
		};
		807D7BCB2BD7A4C8002BB32E /* Build configuration list for PBXNativeTarget "MemorizeTests" */ = {
			isa = XCConfigurationList;
			buildConfigurations = (
				807D7BCC2BD7A4C8002BB32E /* Debug */,
				807D7BCD2BD7A4C8002BB32E /* Release */,
			);
			defaultConfigurationIsVisible = 0;
			defaultConfigurationName = Release;
		};
		807D7BCE2BD7A4C8002BB32E /* Build configuration list for PBXNativeTarget "MemorizeUITests" */ = {
			isa = XCConfigurationList;
			buildConfigurations = (
				807D7BCF2BD7A4C8002BB32E /* Debug */,
				807D7BD02BD7A4C8002BB32E /* Release */,
			);
			defaultConfigurationIsVisible = 0;
			defaultConfigurationName = Release;
		};
/* End XCConfigurationList section */
	};
	rootObject = 807D7B9C2BD7A4C2002BB32E /* Project object */;
}
